# This file is automatically @generated by Cargo.
# It is not intended for manual editing.
version = 3

[[package]]
name = "error_server"
version = "2.0.0"
dependencies = [
 "signal-hook",
]

[[package]]
name = "libc"
version = "0.2.138"
source = "registry+https://github.com/rust-lang/crates.io-index"
checksum = "db6d7e329c562c5dfab7a46a2afabc8b987ab9a4834c9d1ca04dc54c1546cef8"

[[package]]
name = "signal-hook"
version = "0.3.14"
source = "registry+https://github.com/rust-lang/crates.io-index"
checksum = "a253b5e89e2698464fc26b545c9edceb338e18a89effeeecfea192c3025be29d"
dependencies = [
 "libc",
 "signal-hook-registry",
]

[[package]]
name = "signal-hook-registry"
version = "1.4.0"
source = "registry+https://github.com/rust-lang/crates.io-index"
checksum = "e51e73328dc4ac0c7ccbda3a494dfa03df1de2f46018127f60c693f2648455b0"
dependencies = [
 "libc",
]
